// !$*UTF8*$!
{
	archiveVersion = 1;
	classes = {
	};
	objectVersion = 50;
	objects = {

/* Begin PBXBuildFile section */
		F0AE328224D6FB430083D46D /* AppDelegate.swift in Sources */ = {isa = PBXBuildFile; fileRef = F0AE328124D6FB430083D46D /* AppDelegate.swift */; };
		F0AE328624D6FB480083D46D /* Assets.xcassets in Resources */ = {isa = PBXBuildFile; fileRef = F0AE328524D6FB480083D46D /* Assets.xcassets */; };
		F0AE328924D6FB480083D46D /* Preview Assets.xcassets in Resources */ = {isa = PBXBuildFile; fileRef = F0AE328824D6FB480083D46D /* Preview Assets.xcassets */; };
		F0AE329724D705910083D46D /* main.swift in Sources */ = {isa = PBXBuildFile; fileRef = F0AE329624D705910083D46D /* main.swift */; };
		F0AE329924D70A220083D46D /* GlobalDragDropStateManager.swift in Sources */ = {isa = PBXBuildFile; fileRef = F0AE329824D70A220083D46D /* GlobalDragDropStateManager.swift */; };
		F0AE329C24D73BF50083D46D /* KeybindMonitor.swift in Sources */ = {isa = PBXBuildFile; fileRef = F0AE329B24D73BF50083D46D /* KeybindMonitor.swift */; };
		F0AE329F24D79B0D0083D46D /* AccessibilityWindow.swift in Sources */ = {isa = PBXBuildFile; fileRef = F0AE329E24D79B0D0083D46D /* AccessibilityWindow.swift */; };
		F0AE32A324D83AA80083D46D /* Extension.swift in Sources */ = {isa = PBXBuildFile; fileRef = F0AE32A224D83AA80083D46D /* Extension.swift */; };
		F0AE32A524D886A00083D46D /* KeyCombination.swift in Sources */ = {isa = PBXBuildFile; fileRef = F0AE32A424D886A00083D46D /* KeyCombination.swift */; };
/* End PBXBuildFile section */

/* Begin PBXFileReference section */
		F0AE327E24D6FB430083D46D /* Intuit.app */ = {isa = PBXFileReference; explicitFileType = wrapper.application; includeInIndex = 0; path = Intuit.app; sourceTree = BUILT_PRODUCTS_DIR; };
		F0AE328124D6FB430083D46D /* AppDelegate.swift */ = {isa = PBXFileReference; lastKnownFileType = sourcecode.swift; path = AppDelegate.swift; sourceTree = "<group>"; };
		F0AE328524D6FB480083D46D /* Assets.xcassets */ = {isa = PBXFileReference; lastKnownFileType = folder.assetcatalog; path = Assets.xcassets; sourceTree = "<group>"; };
		F0AE328824D6FB480083D46D /* Preview Assets.xcassets */ = {isa = PBXFileReference; lastKnownFileType = folder.assetcatalog; path = "Preview Assets.xcassets"; sourceTree = "<group>"; };
		F0AE328D24D6FB480083D46D /* Info.plist */ = {isa = PBXFileReference; lastKnownFileType = text.plist.xml; path = Info.plist; sourceTree = "<group>"; };
		F0AE328E24D6FB480083D46D /* Intuit.entitlements */ = {isa = PBXFileReference; lastKnownFileType = text.plist.entitlements; path = Intuit.entitlements; sourceTree = "<group>"; };
		F0AE329624D705910083D46D /* main.swift */ = {isa = PBXFileReference; lastKnownFileType = sourcecode.swift; path = main.swift; sourceTree = "<group>"; };
		F0AE329824D70A220083D46D /* GlobalDragDropStateManager.swift */ = {isa = PBXFileReference; lastKnownFileType = sourcecode.swift; path = GlobalDragDropStateManager.swift; sourceTree = "<group>"; };
		F0AE329A24D712590083D46D /* .gitignore */ = {isa = PBXFileReference; lastKnownFileType = text; path = .gitignore; sourceTree = "<group>"; };
		F0AE329B24D73BF50083D46D /* KeybindMonitor.swift */ = {isa = PBXFileReference; lastKnownFileType = sourcecode.swift; path = KeybindMonitor.swift; sourceTree = "<group>"; };
		F0AE329E24D79B0D0083D46D /* AccessibilityWindow.swift */ = {isa = PBXFileReference; lastKnownFileType = sourcecode.swift; path = AccessibilityWindow.swift; sourceTree = "<group>"; };
		F0AE32A224D83AA80083D46D /* Extension.swift */ = {isa = PBXFileReference; lastKnownFileType = sourcecode.swift; path = Extension.swift; sourceTree = "<group>"; };
		F0AE32A424D886A00083D46D /* KeyCombination.swift */ = {isa = PBXFileReference; lastKnownFileType = sourcecode.swift; path = KeyCombination.swift; sourceTree = "<group>"; };
/* End PBXFileReference section */

/* Begin PBXFrameworksBuildPhase section */
		F0AE327B24D6FB430083D46D /* Frameworks */ = {
			isa = PBXFrameworksBuildPhase;
			buildActionMask = 2147483647;
			files = (
			);
			runOnlyForDeploymentPostprocessing = 0;
		};
/* End PBXFrameworksBuildPhase section */

/* Begin PBXGroup section */
		F0AE327524D6FB430083D46D = {
			isa = PBXGroup;
			children = (
				F0AE329A24D712590083D46D /* .gitignore */,
				F0AE328024D6FB430083D46D /* Intuit */,
				F0AE327F24D6FB430083D46D /* Products */,
			);
			sourceTree = "<group>";
		};
		F0AE327F24D6FB430083D46D /* Products */ = {
			isa = PBXGroup;
			children = (
				F0AE327E24D6FB430083D46D /* Intuit.app */,
			);
			name = Products;
			sourceTree = "<group>";
		};
		F0AE328024D6FB430083D46D /* Intuit */ = {
			isa = PBXGroup;
			children = (
				F0AE328124D6FB430083D46D /* AppDelegate.swift */,
				F0AE329B24D73BF50083D46D /* KeybindMonitor.swift */,
				F0AE32A424D886A00083D46D /* KeyCombination.swift */,
				F0AE329824D70A220083D46D /* GlobalDragDropStateManager.swift */,
				F0AE329D24D799980083D46D /* Accessibility */,
				F0AE329624D705910083D46D /* main.swift */,
				F0AE328524D6FB480083D46D /* Assets.xcassets */,
				F0AE328D24D6FB480083D46D /* Info.plist */,
				F0AE328E24D6FB480083D46D /* Intuit.entitlements */,
				F0AE328724D6FB480083D46D /* Preview Content */,
			);
			path = Intuit;
			sourceTree = "<group>";
		};
		F0AE328724D6FB480083D46D /* Preview Content */ = {
			isa = PBXGroup;
			children = (
				F0AE328824D6FB480083D46D /* Preview Assets.xcassets */,
			);
			path = "Preview Content";
			sourceTree = "<group>";
		};
		F0AE329D24D799980083D46D /* Accessibility */ = {
			isa = PBXGroup;
			children = (
				F0AE329E24D79B0D0083D46D /* AccessibilityWindow.swift */,
				F0AE32A224D83AA80083D46D /* Extension.swift */,
			);
			path = Accessibility;
			sourceTree = "<group>";
		};
/* End PBXGroup section */

/* Begin PBXNativeTarget section */
		F0AE327D24D6FB430083D46D /* Intuit */ = {
			isa = PBXNativeTarget;
			buildConfigurationList = F0AE329124D6FB480083D46D /* Build configuration list for PBXNativeTarget "Intuit" */;
			buildPhases = (
				F0AE327A24D6FB430083D46D /* Sources */,
				F0AE327B24D6FB430083D46D /* Frameworks */,
				F0AE327C24D6FB430083D46D /* Resources */,
			);
			buildRules = (
			);
			dependencies = (
			);
			name = Intuit;
			productName = Intuit;
			productReference = F0AE327E24D6FB430083D46D /* Intuit.app */;
			productType = "com.apple.product-type.application";
		};
/* End PBXNativeTarget section */

/* Begin PBXProject section */
		F0AE327624D6FB430083D46D /* Project object */ = {
			isa = PBXProject;
			attributes = {
				LastSwiftUpdateCheck = 1140;
				LastUpgradeCheck = 1140;
				ORGANIZATIONNAME = urameshiyaa;
				TargetAttributes = {
					F0AE327D24D6FB430083D46D = {
						CreatedOnToolsVersion = 11.4;
					};
				};
			};
			buildConfigurationList = F0AE327924D6FB430083D46D /* Build configuration list for PBXProject "Intuit" */;
			compatibilityVersion = "Xcode 9.3";
			developmentRegion = en;
			hasScannedForEncodings = 0;
			knownRegions = (
				en,
				Base,
			);
			mainGroup = F0AE327524D6FB430083D46D;
			productRefGroup = F0AE327F24D6FB430083D46D /* Products */;
			projectDirPath = "";
			projectRoot = "";
			targets = (
				F0AE327D24D6FB430083D46D /* Intuit */,
			);
		};
/* End PBXProject section */

/* Begin PBXResourcesBuildPhase section */
		F0AE327C24D6FB430083D46D /* Resources */ = {
			isa = PBXResourcesBuildPhase;
			buildActionMask = 2147483647;
			files = (
				F0AE328924D6FB480083D46D /* Preview Assets.xcassets in Resources */,
				F0AE328624D6FB480083D46D /* Assets.xcassets in Resources */,
			);
			runOnlyForDeploymentPostprocessing = 0;
		};
/* End PBXResourcesBuildPhase section */

/* Begin PBXSourcesBuildPhase section */
		F0AE327A24D6FB430083D46D /* Sources */ = {
			isa = PBXSourcesBuildPhase;
			buildActionMask = 2147483647;
			files = (
				F0AE329924D70A220083D46D /* GlobalDragDropStateManager.swift in Sources */,
				F0AE329C24D73BF50083D46D /* KeybindMonitor.swift in Sources */,
				F0AE32A324D83AA80083D46D /* Extension.swift in Sources */,
				F0AE329724D705910083D46D /* main.swift in Sources */,
				F0AE328224D6FB430083D46D /* AppDelegate.swift in Sources */,
				F0AE32A524D886A00083D46D /* KeyCombination.swift in Sources */,
				F0AE329F24D79B0D0083D46D /* AccessibilityWindow.swift in Sources */,
			);
			runOnlyForDeploymentPostprocessing = 0;
		};
/* End PBXSourcesBuildPhase section */

/* Begin XCBuildConfiguration section */
		F0AE328F24D6FB480083D46D /* Debug */ = {
			isa = XCBuildConfiguration;
			buildSettings = {
				ALWAYS_SEARCH_USER_PATHS = NO;
				CLANG_ANALYZER_NONNULL = YES;
				CLANG_ANALYZER_NUMBER_OBJECT_CONVERSION = YES_AGGRESSIVE;
				CLANG_CXX_LANGUAGE_STANDARD = "gnu++14";
				CLANG_CXX_LIBRARY = "libc++";
				CLANG_ENABLE_MODULES = YES;
				CLANG_ENABLE_OBJC_ARC = YES;
				CLANG_ENABLE_OBJC_WEAK = YES;
				CLANG_WARN_BLOCK_CAPTURE_AUTORELEASING = YES;
				CLANG_WARN_BOOL_CONVERSION = YES;
				CLANG_WARN_COMMA = YES;
				CLANG_WARN_CONSTANT_CONVERSION = YES;
				CLANG_WARN_DEPRECATED_OBJC_IMPLEMENTATIONS = YES;
				CLANG_WARN_DIRECT_OBJC_ISA_USAGE = YES_ERROR;
				CLANG_WARN_DOCUMENTATION_COMMENTS = YES;
				CLANG_WARN_EMPTY_BODY = YES;
				CLANG_WARN_ENUM_CONVERSION = YES;
				CLANG_WARN_INFINITE_RECURSION = YES;
				CLANG_WARN_INT_CONVERSION = YES;
				CLANG_WARN_NON_LITERAL_NULL_CONVERSION = YES;
				CLANG_WARN_OBJC_IMPLICIT_RETAIN_SELF = YES;
				CLANG_WARN_OBJC_LITERAL_CONVERSION = YES;
				CLANG_WARN_OBJC_ROOT_CLASS = YES_ERROR;
				CLANG_WARN_RANGE_LOOP_ANALYSIS = YES;
				CLANG_WARN_STRICT_PROTOTYPES = YES;
				CLANG_WARN_SUSPICIOUS_MOVE = YES;
				CLANG_WARN_UNGUARDED_AVAILABILITY = YES_AGGRESSIVE;
				CLANG_WARN_UNREACHABLE_CODE = YES;
				CLANG_WARN__DUPLICATE_METHOD_MATCH = YES;
				COPY_PHASE_STRIP = NO;
				DEBUG_INFORMATION_FORMAT = dwarf;
				ENABLE_STRICT_OBJC_MSGSEND = YES;
				ENABLE_TESTABILITY = YES;
				GCC_C_LANGUAGE_STANDARD = gnu11;
				GCC_DYNAMIC_NO_PIC = NO;
				GCC_NO_COMMON_BLOCKS = YES;
				GCC_OPTIMIZATION_LEVEL = 0;
				GCC_PREPROCESSOR_DEFINITIONS = (
					"DEBUG=1",
					"$(inherited)",
				);
				GCC_WARN_64_TO_32_BIT_CONVERSION = YES;
				GCC_WARN_ABOUT_RETURN_TYPE = YES_ERROR;
				GCC_WARN_UNDECLARED_SELECTOR = YES;
				GCC_WARN_UNINITIALIZED_AUTOS = YES_AGGRESSIVE;
				GCC_WARN_UNUSED_FUNCTION = YES;
				GCC_WARN_UNUSED_VARIABLE = YES;
				MACOSX_DEPLOYMENT_TARGET = 10.15;
				MTL_ENABLE_DEBUG_INFO = INCLUDE_SOURCE;
				MTL_FAST_MATH = YES;
				ONLY_ACTIVE_ARCH = YES;
				SDKROOT = macosx;
				SWIFT_ACTIVE_COMPILATION_CONDITIONS = DEBUG;
				SWIFT_OPTIMIZATION_LEVEL = "-Onone";
			};
			name = Debug;
		};
		F0AE329024D6FB480083D46D /* Release */ = {
			isa = XCBuildConfiguration;
			buildSettings = {
				ALWAYS_SEARCH_USER_PATHS = NO;
				CLANG_ANALYZER_NONNULL = YES;
				CLANG_ANALYZER_NUMBER_OBJECT_CONVERSION = YES_AGGRESSIVE;
				CLANG_CXX_LANGUAGE_STANDARD = "gnu++14";
				CLANG_CXX_LIBRARY = "libc++";
				CLANG_ENABLE_MODULES = YES;
				CLANG_ENABLE_OBJC_ARC = YES;
				CLANG_ENABLE_OBJC_WEAK = YES;
				CLANG_WARN_BLOCK_CAPTURE_AUTORELEASING = YES;
				CLANG_WARN_BOOL_CONVERSION = YES;
				CLANG_WARN_COMMA = YES;
				CLANG_WARN_CONSTANT_CONVERSION = YES;
				CLANG_WARN_DEPRECATED_OBJC_IMPLEMENTATIONS = YES;
				CLANG_WARN_DIRECT_OBJC_ISA_USAGE = YES_ERROR;
				CLANG_WARN_DOCUMENTATION_COMMENTS = YES;
				CLANG_WARN_EMPTY_BODY = YES;
				CLANG_WARN_ENUM_CONVERSION = YES;
				CLANG_WARN_INFINITE_RECURSION = YES;
				CLANG_WARN_INT_CONVERSION = YES;
				CLANG_WARN_NON_LITERAL_NULL_CONVERSION = YES;
				CLANG_WARN_OBJC_IMPLICIT_RETAIN_SELF = YES;
				CLANG_WARN_OBJC_LITERAL_CONVERSION = YES;
				CLANG_WARN_OBJC_ROOT_CLASS = YES_ERROR;
				CLANG_WARN_RANGE_LOOP_ANALYSIS = YES;
				CLANG_WARN_STRICT_PROTOTYPES = YES;
				CLANG_WARN_SUSPICIOUS_MOVE = YES;
				CLANG_WARN_UNGUARDED_AVAILABILITY = YES_AGGRESSIVE;
				CLANG_WARN_UNREACHABLE_CODE = YES;
				CLANG_WARN__DUPLICATE_METHOD_MATCH = YES;
				COPY_PHASE_STRIP = NO;
				DEBUG_INFORMATION_FORMAT = "dwarf-with-dsym";
				ENABLE_NS_ASSERTIONS = NO;
				ENABLE_STRICT_OBJC_MSGSEND = YES;
				GCC_C_LANGUAGE_STANDARD = gnu11;
				GCC_NO_COMMON_BLOCKS = YES;
				GCC_WARN_64_TO_32_BIT_CONVERSION = YES;
				GCC_WARN_ABOUT_RETURN_TYPE = YES_ERROR;
				GCC_WARN_UNDECLARED_SELECTOR = YES;
				GCC_WARN_UNINITIALIZED_AUTOS = YES_AGGRESSIVE;
				GCC_WARN_UNUSED_FUNCTION = YES;
				GCC_WARN_UNUSED_VARIABLE = YES;
				MACOSX_DEPLOYMENT_TARGET = 10.15;
				MTL_ENABLE_DEBUG_INFO = NO;
				MTL_FAST_MATH = YES;
				SDKROOT = macosx;
				SWIFT_COMPILATION_MODE = wholemodule;
				SWIFT_OPTIMIZATION_LEVEL = "-O";
			};
			name = Release;
		};
		F0AE329224D6FB480083D46D /* Debug */ = {
			isa = XCBuildConfiguration;
			buildSettings = {
				ASSETCATALOG_COMPILER_APPICON_NAME = AppIcon;
				CODE_SIGN_ENTITLEMENTS = Intuit/Intuit.entitlements;
				CODE_SIGN_STYLE = Automatic;
				COMBINE_HIDPI_IMAGES = YES;
				DEVELOPMENT_ASSET_PATHS = "\"Intuit/Preview Content\"";
				DEVELOPMENT_TEAM = R9LQGX392G;
				ENABLE_HARDENED_RUNTIME = YES;
				ENABLE_PREVIEWS = YES;
				INFOPLIST_FILE = Intuit/Info.plist;
				LD_RUNPATH_SEARCH_PATHS = (
					"$(inherited)",
					"@executable_path/../Frameworks",
				);
				MACOSX_DEPLOYMENT_TARGET = 10.15;
				PRODUCT_BUNDLE_IDENTIFIER = zzz.urameshiyaa.Intuit;
				PRODUCT_NAME = "$(TARGET_NAME)";
				SWIFT_VERSION = 5.0;
			};
			name = Debug;
		};
		F0AE329324D6FB480083D46D /* Release */ = {
			isa = XCBuildConfiguration;
			buildSettings = {
				ASSETCATALOG_COMPILER_APPICON_NAME = AppIcon;
				CODE_SIGN_ENTITLEMENTS = Intuit/Intuit.entitlements;
				CODE_SIGN_STYLE = Automatic;
				COMBINE_HIDPI_IMAGES = YES;
				DEVELOPMENT_ASSET_PATHS = "\"Intuit/Preview Content\"";
				DEVELOPMENT_TEAM = R9LQGX392G;
				ENABLE_HARDENED_RUNTIME = YES;
				ENABLE_PREVIEWS = YES;
				INFOPLIST_FILE = Intuit/Info.plist;
				LD_RUNPATH_SEARCH_PATHS = (
					"$(inherited)",
					"@executable_path/../Frameworks",
				);
				MACOSX_DEPLOYMENT_TARGET = 10.15;
				PRODUCT_BUNDLE_IDENTIFIER = zzz.urameshiyaa.Intuit;
				PRODUCT_NAME = "$(TARGET_NAME)";
				SWIFT_VERSION = 5.0;
			};
			name = Release;
		};
/* End XCBuildConfiguration section */

/* Begin XCConfigurationList section */
		F0AE327924D6FB430083D46D /* Build configuration list for PBXProject "Intuit" */ = {
			isa = XCConfigurationList;
			buildConfigurations = (
				F0AE328F24D6FB480083D46D /* Debug */,
				F0AE329024D6FB480083D46D /* Release */,
			);
			defaultConfigurationIsVisible = 0;
			defaultConfigurationName = Release;
		};
		F0AE329124D6FB480083D46D /* Build configuration list for PBXNativeTarget "Intuit" */ = {
			isa = XCConfigurationList;
			buildConfigurations = (
				F0AE329224D6FB480083D46D /* Debug */,
				F0AE329324D6FB480083D46D /* Release */,
			);
			defaultConfigurationIsVisible = 0;
			defaultConfigurationName = Release;
		};
/* End XCConfigurationList section */
	};
	rootObject = F0AE327624D6FB430083D46D /* Project object */;
}
